# generated by rye
# use `rye lock` or `rye sync` to update this lockfile
#
# last locked with the following flags:
#   pre: false
#   features: []
#   all-features: false
#   with-sources: false
#   generate-hashes: false
#   universal: false

-e file:.
aniso8601==9.0.1
    # via flask-restful
asttokens==2.4.1
    # via stack-data
certifi==2024.7.4
    # via requests
charset-normalizer==3.3.2
    # via requests
click==8.1.7
    # via flask
confluent-kafka==2.0.2
    # via rkapi
decorator==5.1.1
    # via ipdb
    # via ipython
environs==9.5.0
    # via rkapi
executing==2.0.1
    # via stack-data
flask==2.2.3
    # via flask-cors
    # via flask-restful
    # via rkapi
flask-cors==3.0.10
    # via rkapi
flask-restful==0.3.9
    # via rkapi
gunicorn==20.1.0
    # via rkapi
idna==3.7
    # via requests
iniconfig==2.0.0
    # via pytest
ipdb==0.13.13
ipython==8.26.0
    # via ipdb
itsdangerous==2.2.0
    # via flask
jedi==0.19.1
    # via ipython
jinja2==3.1.4
    # via flask
libknot==3.2.5
    # via rkapi
markupsafe==2.1.5
    # via jinja2
    # via werkzeug
marshmallow==3.21.3
    # via environs
matplotlib-inline==0.1.7
    # via ipython
packaging==24.1
    # via marshmallow
    # via pytest
parso==0.8.4
    # via jedi
pexpect==4.9.0
    # via ipython
pluggy==1.5.0
    # via pytest
prompt-toolkit==3.0.47
    # via ipython
psycopg2==2.9.5
    # via rkapi
ptyprocess==0.7.0
    # via pexpect
pure-eval==0.2.3
    # via stack-data
pygments==2.18.0
    # via ipython
pytest==8.3.2
    # via pytest-mock
pytest-mock==3.14.0
python-dotenv==1.0.0
    # via environs
    # via rkapi
pytz==2024.1
    # via flask-restful
pyyaml==6.0
    # via rkapi
requests==2.28.2
    # via rkapi
setuptools==72.1.0
    # via gunicorn
six==1.16.0
    # via asttokens
    # via flask-cors
    # via flask-restful
stack-data==0.6.3
    # via ipython
traitlets==5.14.3
    # via ipython
    # via matplotlib-inline
typing-extensions==4.12.2
    # via ipython
urllib3==1.26.19
    # via requests
wcwidth==0.2.13
    # via prompt-toolkit
werkzeug==2.2.2
    # via flask
    # via rkapi
