# generated by rye
# use `rye lock` or `rye sync` to update this lockfile
#
# last locked with the following flags:
#   pre: false
#   features: []
#   all-features: false
#   with-sources: false
#   generate-hashes: false
#   universal: false

aniso8601==9.0.1
    # via flask-restful
certifi==2024.7.4
    # via requests
charset-normalizer==3.3.2
    # via requests
click==8.1.7
    # via flask
confluent-kafka==2.0.2
environs==9.5.0
flask==2.2.3
    # via flask-cors
    # via flask-restful
flask-cors==3.0.10
flask-restful==0.3.9
idna==3.7
    # via requests
iniconfig==2.0.0
    # via pytest
itsdangerous==2.2.0
    # via flask
jinja2==3.1.4
    # via flask
libknot==3.2.5
markupsafe==2.1.5
    # via jinja2
    # via werkzeug
marshmallow==3.21.3
    # via environs
packaging==24.1
    # via marshmallow
    # via pytest
pluggy==1.5.0
    # via pytest
psycopg2==2.9.5
pytest==8.3.2
    # via pytest-mock
pytest-mock==3.14.0
python-dotenv==1.0.0
    # via environs
pytz==2024.1
    # via flask-restful
pyyaml==6.0
requests==2.28.2
six==1.16.0
    # via flask-cors
    # via flask-restful
urllib3==1.26.19
    # via requests
werkzeug==2.2.2
    # via flask
